
Microsoft Visual Studio Solution File, Format Version 12.00
# Visual Studio Version 17
VisualStudioVersion = 17.13.35828.75 d17.13
MinimumVisualStudioVersion = 10.0.40219.1
Project("{FAE04EC0-301F-11D3-BF4B-00C04F79EFBC}") = "Export", "Export.csproj", "{ACADED87-17D1-4006-AE8B-EC368015CB61}"
EndProject
Global
	GlobalSection(SolutionConfigurationPlatforms) = preSolution
		Debug|Any CPU = Debug|Any CPU
		Release|Any CPU = Release|Any CPU
	EndGlobalSection
	GlobalSection(ProjectConfigurationPlatforms) = postSolution
		{ACADED87-17D1-4006-AE8B-EC368015CB61}.Debug|Any CPU.ActiveCfg = Debug|Any CPU
		{ACADED87-17D1-4006-AE8B-EC368015CB61}.Debug|Any CPU.Build.0 = Debug|Any CPU
		{ACADED87-17D1-4006-AE8B-EC368015CB61}.Release|Any CPU.ActiveCfg = Release|Any CPU
		{ACADED87-17D1-4006-AE8B-EC368015CB61}.Release|Any CPU.Build.0 = Release|Any CPU
	EndGlobalSection
	GlobalSection(SolutionProperties) = preSolution
		HideSolutionNode = FALSE
	EndGlobalSection
	GlobalSection(ExtensibilityGlobals) = postSolution
		SolutionGuid = {5F04EB46-6370-49AF-A562-556AB34CDCF5}
	EndGlobalSection
EndGlobal
